
Microsoft Visual Studio Solution File, Format Version 12.00
# Visual Studio Version 17
VisualStudioVersion = 17.13.35828.75 d17.13
MinimumVisualStudioVersion = 10.0.40219.1
Project("{FAE04EC0-301F-11D3-BF4B-00C04F79EFBC}") = "final_Samira_Kilic", "final_Samira_Kilic\final_Samira_Kilic.csproj", "{E73CCE64-5171-494A-A394-111A33C59C5D}"
EndProject
Global
	GlobalSection(SolutionConfigurationPlatforms) = preSolution
		Debug|Any CPU = Debug|Any CPU
		Release|Any CPU = Release|Any CPU
	EndGlobalSection
	GlobalSection(ProjectConfigurationPlatforms) = postSolution
		{E73CCE64-5171-494A-A394-111A33C59C5D}.Debug|Any CPU.ActiveCfg = Debug|Any CPU
		{E73CCE64-5171-494A-A394-111A33C59C5D}.Debug|Any CPU.Build.0 = Debug|Any CPU
		{E73CCE64-5171-494A-A394-111A33C59C5D}.Release|Any CPU.ActiveCfg = Release|Any CPU
		{E73CCE64-5171-494A-A394-111A33C59C5D}.Release|Any CPU.Build.0 = Release|Any CPU
	EndGlobalSection
	GlobalSection(SolutionProperties) = preSolution
		HideSolutionNode = FALSE
	EndGlobalSection
	GlobalSection(ExtensibilityGlobals) = postSolution
		SolutionGuid = {48FA7712-2EE3-4620-BDB7-E06CFD444374}
	EndGlobalSection
EndGlobal
